
Microsoft Visual Studio Solution File, Format Version 12.00
# Visual Studio Version 16
VisualStudioVersion = 16.0.31729.503
MinimumVisualStudioVersion = 10.0.40219.1
Project("{FAE04EC0-301F-11D3-BF4B-00C04F79EFBC}") = "karne", "karne\karne.csproj", "{FBB87421-DB31-435A-9169-33918F060FFB}"
EndProject
Project("{FAE04EC0-301F-11D3-BF4B-00C04F79EFBC}") = "karne.Models", "karne.Models\karne.Models.csproj", "{9E2DF5A8-6948-4275-AB99-EC311AECCB5E}"
EndProject
Global
	GlobalSection(SolutionConfigurationPlatforms) = preSolution
		Debug|Any CPU = Debug|Any CPU
		Release|Any CPU = Release|Any CPU
	EndGlobalSection
	GlobalSection(ProjectConfigurationPlatforms) = postSolution
		{FBB87421-DB31-435A-9169-33918F060FFB}.Debug|Any CPU.ActiveCfg = Debug|Any CPU
		{FBB87421-DB31-435A-9169-33918F060FFB}.Debug|Any CPU.Build.0 = Debug|Any CPU
		{FBB87421-DB31-435A-9169-33918F060FFB}.Release|Any CPU.ActiveCfg = Release|Any CPU
		{FBB87421-DB31-435A-9169-33918F060FFB}.Release|Any CPU.Build.0 = Release|Any CPU
		{9E2DF5A8-6948-4275-AB99-EC311AECCB5E}.Debug|Any CPU.ActiveCfg = Debug|Any CPU
		{9E2DF5A8-6948-4275-AB99-EC311AECCB5E}.Debug|Any CPU.Build.0 = Debug|Any CPU
		{9E2DF5A8-6948-4275-AB99-EC311AECCB5E}.Release|Any CPU.ActiveCfg = Release|Any CPU
		{9E2DF5A8-6948-4275-AB99-EC311AECCB5E}.Release|Any CPU.Build.0 = Release|Any CPU
	EndGlobalSection
	GlobalSection(SolutionProperties) = preSolution
		HideSolutionNode = FALSE
	EndGlobalSection
	GlobalSection(ExtensibilityGlobals) = postSolution
		SolutionGuid = {292CFAB1-4B04-40BF-AD48-00DB3D690EB4}
	EndGlobalSection
EndGlobal
